
Microsoft Visual Studio Solution File, Format Version 12.00
# Visual Studio 15
VisualStudioVersion = 15.0.27703.2026
MinimumVisualStudioVersion = 10.0.40219.1
Project("{9A19103F-16F7-4668-BE54-9A1E7A4F7556}") = "osu.Framework.Markdown", "osu.Framework.Markdown\osu.Framework.Markdown.csproj", "{7020F8FD-07F6-40F8-A5E5-62AEF4E4DEF7}"
EndProject
Global
	GlobalSection(SolutionConfigurationPlatforms) = preSolution
		Debug|Any CPU = Debug|Any CPU
		Release|Any CPU = Release|Any CPU
	EndGlobalSection
	GlobalSection(ProjectConfigurationPlatforms) = postSolution
		{7020F8FD-07F6-40F8-A5E5-62AEF4E4DEF7}.Debug|Any CPU.ActiveCfg = Debug|Any CPU
		{7020F8FD-07F6-40F8-A5E5-62AEF4E4DEF7}.Debug|Any CPU.Build.0 = Debug|Any CPU
		{7020F8FD-07F6-40F8-A5E5-62AEF4E4DEF7}.Release|Any CPU.ActiveCfg = Release|Any CPU
		{7020F8FD-07F6-40F8-A5E5-62AEF4E4DEF7}.Release|Any CPU.Build.0 = Release|Any CPU
	EndGlobalSection
	GlobalSection(SolutionProperties) = preSolution
		HideSolutionNode = FALSE
	EndGlobalSection
	GlobalSection(ExtensibilityGlobals) = postSolution
		SolutionGuid = {D6C67EE0-CDD4-4954-94A9-7DD49657B7EC}
	EndGlobalSection
EndGlobal
